
Microsoft Visual Studio Solution File, Format Version 12.00
# Visual Studio Version 17
VisualStudioVersion = 17.13.35825.156
MinimumVisualStudioVersion = 10.0.40219.1
Project("{FAE04EC0-301F-11D3-BF4B-00C04F79EFBC}") = "DanilaAlexandra_tema_acasa1", "DanilaAlexandra_tema_acasa1\DanilaAlexandra_tema_acasa1.csproj", "{608AB3AB-A362-4F61-8077-607332C422DE}"
EndProject
Project("{FAE04EC0-301F-11D3-BF4B-00C04F79EFBC}") = "FarmacieLab", "FarmacieLab\FarmacieLab.csproj", "{32ECBD4E-EB43-484E-A470-E2EB1E757AC8}"
EndProject
Project("{FAE04EC0-301F-11D3-BF4B-00C04F79EFBC}") = "NivelStocareDate", "NivelStocareDate\NivelStocareDate.csproj", "{C5D75060-C9C1-4952-B329-E4E455DDA1D0}"
EndProject
Global
	GlobalSection(SolutionConfigurationPlatforms) = preSolution
		Debug|Any CPU = Debug|Any CPU
		Release|Any CPU = Release|Any CPU
	EndGlobalSection
	GlobalSection(ProjectConfigurationPlatforms) = postSolution
		{608AB3AB-A362-4F61-8077-607332C422DE}.Debug|Any CPU.ActiveCfg = Debug|Any CPU
		{608AB3AB-A362-4F61-8077-607332C422DE}.Debug|Any CPU.Build.0 = Debug|Any CPU
		{608AB3AB-A362-4F61-8077-607332C422DE}.Release|Any CPU.ActiveCfg = Release|Any CPU
		{608AB3AB-A362-4F61-8077-607332C422DE}.Release|Any CPU.Build.0 = Release|Any CPU
		{32ECBD4E-EB43-484E-A470-E2EB1E757AC8}.Debug|Any CPU.ActiveCfg = Debug|Any CPU
		{32ECBD4E-EB43-484E-A470-E2EB1E757AC8}.Debug|Any CPU.Build.0 = Debug|Any CPU
		{32ECBD4E-EB43-484E-A470-E2EB1E757AC8}.Release|Any CPU.ActiveCfg = Release|Any CPU
		{32ECBD4E-EB43-484E-A470-E2EB1E757AC8}.Release|Any CPU.Build.0 = Release|Any CPU
		{C5D75060-C9C1-4952-B329-E4E455DDA1D0}.Debug|Any CPU.ActiveCfg = Debug|Any CPU
		{C5D75060-C9C1-4952-B329-E4E455DDA1D0}.Debug|Any CPU.Build.0 = Debug|Any CPU
		{C5D75060-C9C1-4952-B329-E4E455DDA1D0}.Release|Any CPU.ActiveCfg = Release|Any CPU
		{C5D75060-C9C1-4952-B329-E4E455DDA1D0}.Release|Any CPU.Build.0 = Release|Any CPU
	EndGlobalSection
	GlobalSection(SolutionProperties) = preSolution
		HideSolutionNode = FALSE
	EndGlobalSection
	GlobalSection(ExtensibilityGlobals) = postSolution
		SolutionGuid = {461EAC1E-915A-4F26-B82A-AC45464A28E4}
	EndGlobalSection
EndGlobal
